
Microsoft Visual Studio Solution File, Format Version 12.00
Project("{FAE04EC0-301F-11D3-BF4B-00C04F79EFBC}") = "AOTECH.GitHubActionsFunctionTest", "AOTECH.GitHubActionsFunctionTest\AOTECH.GitHubActionsFunctionTest.csproj", "{ABE46E97-11BE-426D-A1FE-F8B193BC55C1}"
EndProject
Global
	GlobalSection(SolutionConfigurationPlatforms) = preSolution
		Debug|Any CPU = Debug|Any CPU
		Release|Any CPU = Release|Any CPU
	EndGlobalSection
	GlobalSection(ProjectConfigurationPlatforms) = postSolution
		{ABE46E97-11BE-426D-A1FE-F8B193BC55C1}.Debug|Any CPU.ActiveCfg = Debug|Any CPU
		{ABE46E97-11BE-426D-A1FE-F8B193BC55C1}.Debug|Any CPU.Build.0 = Debug|Any CPU
		{ABE46E97-11BE-426D-A1FE-F8B193BC55C1}.Release|Any CPU.ActiveCfg = Release|Any CPU
		{ABE46E97-11BE-426D-A1FE-F8B193BC55C1}.Release|Any CPU.Build.0 = Release|Any CPU
	EndGlobalSection
EndGlobal
